
Microsoft Visual Studio Solution File, Format Version 12.00
# Visual Studio Version 16
VisualStudioVersion = 16.0.35425.106
MinimumVisualStudioVersion = 10.0.40219.1
Project("{9A19103F-16F7-4668-BE54-9A1E7A4F7556}") = "celloveszetCLI", "celloveszetCLI.csproj", "{1C0EAB4F-94B7-41F9-A033-92227EF5424D}"
EndProject
Project("{9A19103F-16F7-4668-BE54-9A1E7A4F7556}") = "celloveszetCLITests", "..\CelloveszetCLITests\celloveszetCLITests.csproj", "{9FE8B726-21A6-4E43-927F-C3D93BECCEED}"
EndProject
Global
	GlobalSection(SolutionConfigurationPlatforms) = preSolution
		Debug|Any CPU = Debug|Any CPU
		Release|Any CPU = Release|Any CPU
	EndGlobalSection
	GlobalSection(ProjectConfigurationPlatforms) = postSolution
		{1C0EAB4F-94B7-41F9-A033-92227EF5424D}.Debug|Any CPU.ActiveCfg = Debug|Any CPU
		{1C0EAB4F-94B7-41F9-A033-92227EF5424D}.Debug|Any CPU.Build.0 = Debug|Any CPU
		{1C0EAB4F-94B7-41F9-A033-92227EF5424D}.Release|Any CPU.ActiveCfg = Release|Any CPU
		{1C0EAB4F-94B7-41F9-A033-92227EF5424D}.Release|Any CPU.Build.0 = Release|Any CPU
		{9FE8B726-21A6-4E43-927F-C3D93BECCEED}.Debug|Any CPU.ActiveCfg = Debug|Any CPU
		{9FE8B726-21A6-4E43-927F-C3D93BECCEED}.Debug|Any CPU.Build.0 = Debug|Any CPU
		{9FE8B726-21A6-4E43-927F-C3D93BECCEED}.Release|Any CPU.ActiveCfg = Release|Any CPU
		{9FE8B726-21A6-4E43-927F-C3D93BECCEED}.Release|Any CPU.Build.0 = Release|Any CPU
	EndGlobalSection
	GlobalSection(SolutionProperties) = preSolution
		HideSolutionNode = FALSE
	EndGlobalSection
	GlobalSection(ExtensibilityGlobals) = postSolution
		SolutionGuid = {D292D885-A09F-439A-81F1-80C46ADDA950}
	EndGlobalSection
EndGlobal
